{
  "name": "aurelia-chart-demo",
  "version": "0.3.4",
  "lockfileVersion": 2,
  "requires": true,
  "packages": {
    "": {
      "name": "aurelia-chart-demo",
      "version": "0.3.4",
      "license": "MIT",
      "dependencies": {
        "aurelia-chart": "^0.3.3"
      }
    },
    "node_modules/aurelia-binding": {
      "version": "2.5.4",
      "resolved": "https://registry.npmjs.org/aurelia-binding/-/aurelia-binding-2.5.4.tgz",
      "integrity": "sha512-tYhYCFvQne+chO3p8KntCWj0r8oCXiCOGQ0yFbthHDBpjjTA4QlBwpGQ8nlGoGDKj7n4PoobeIjN3lEDKgKUyw==",
      "peer": true,
      "dependencies": {
        "aurelia-logging": "^1.0.0",
        "aurelia-metadata": "^1.0.0",
        "aurelia-pal": "^1.0.0",
        "aurelia-task-queue": "^1.0.0"
      }
    },
    "node_modules/aurelia-chart": {
      "version": "0.3.4",
      "resolved": "https://registry.npmjs.org/aurelia-chart/-/aurelia-chart-0.3.4.tgz",
      "integrity": "sha512-Bt9bp/YPbQ9+CEliRoJ9QrxOiRd6DYz12SAje73zRTlFB4NaAC36J2+O6u0u6H+dF5reghrEDQNdEzjJm4ihOg==",
      "peerDependencies": {
        "aurelia-framework": "^1.3.1",
        "chart.js": "^3.1.0"
      }
    },
    "node_modules/aurelia-dependency-injection": {
      "version": "1.5.2",
      "resolved": "https://registry.npmjs.org/aurelia-dependency-injection/-/aurelia-dependency-injection-1.5.2.tgz",
      "integrity": "sha512-LnKgpXzKuG2A/YPGeg5OOw8zvkbvDBMRJA9QDCjZlxymsPI98dwggNSQHI8UK+hTIBqOmjjRxqdMoeROo2Gpbw==",
      "peer": true,
      "dependencies": {
        "aurelia-metadata": "^1.0.0",
        "aurelia-pal": "^1.0.0"
      }
    },
    "node_modules/aurelia-framework": {
      "version": "1.4.1",
      "resolved": "https://registry.npmjs.org/aurelia-framework/-/aurelia-framework-1.4.1.tgz",
      "integrity": "sha512-oFnJyqqIDk2Kk7iSy2YNm2MNQMbTVEiPpa9q0oGfDLclqUgv+L05rnkEW9vEpVTUMV8gmOTxIrDidNICrDT7HA==",
      "peer": true,
      "dependencies": {
        "aurelia-binding": "^2.0.0",
        "aurelia-dependency-injection": "^1.0.0",
        "aurelia-loader": "^1.0.0",
        "aurelia-logging": "^1.0.0",
        "aurelia-metadata": "^1.0.0",
        "aurelia-pal": "^1.0.0",
        "aurelia-path": "^1.1.7",
        "aurelia-task-queue": "^1.0.0",
        "aurelia-templating": "^1.11.1"
      }
    },
    "node_modules/aurelia-loader": {
      "version": "1.0.2",
      "resolved": "https://registry.npmjs.org/aurelia-loader/-/aurelia-loader-1.0.2.tgz",
      "integrity": "sha512-3owEe5Zsk8cIJG+zcxN6gzqUr2z2c+FKhtrL49e1j8vE4ccQQjXg+tvKFnfBVf3pwma6A474WsdK8poYhoVZyA==",
      "peer": true,
      "dependencies": {
        "aurelia-metadata": "^1.0.0",
        "aurelia-path": "^1.0.0"
      }
    },
    "node_modules/aurelia-logging": {
      "version": "1.5.2",
      "resolved": "https://registry.npmjs.org/aurelia-logging/-/aurelia-logging-1.5.2.tgz",
      "integrity": "sha512-R0UdpGYBNSosBZ9WefmoIpgr36szFwQrRk2pbblhI+Vx911dUEEW85QXb6BRKVAP1ykz52Fuq8lCZxR6UupQXA==",
      "peer": true
    },
    "node_modules/aurelia-metadata": {
      "version": "1.0.8",
      "resolved": "https://registry.npmjs.org/aurelia-metadata/-/aurelia-metadata-1.0.8.tgz",
      "integrity": "sha512-Ty7k9F0KKtiaPVoHexU9V2SuvCYW6lieb+Vwjh0HyYPMo1I39DcJZ8ju+MO3im7FFA0QrivapJxJahXvE0dSCA==",
      "peer": true,
      "dependencies": {
        "aurelia-pal": "^1.0.0"
      }
    },
    "node_modules/aurelia-pal": {
      "version": "1.8.2",
      "resolved": "https://registry.npmjs.org/aurelia-pal/-/aurelia-pal-1.8.2.tgz",
      "integrity": "sha512-6erozUK5aaD88PvThs/L87kLsqxqPaBU59PGECr36v9yezhve0BHqpKgbtJ8haHJSiH80K9lsJtXfefedS/3sw==",
      "peer": true
    },
    "node_modules/aurelia-path": {
      "version": "1.1.7",
      "resolved": "https://registry.npmjs.org/aurelia-path/-/aurelia-path-1.1.7.tgz",
      "integrity": "sha512-D6/Tz8jE8b2+Y8Pt6P/fxF6xfJGef+TA6YEljzo1kEzyzbxIvwfqc7pK6i/XGY3LowlumPqrhxkfMjPxLpFIcA==",
      "peer": true
    },
    "node_modules/aurelia-task-queue": {
      "version": "1.3.3",
      "resolved": "https://registry.npmjs.org/aurelia-task-queue/-/aurelia-task-queue-1.3.3.tgz",
      "integrity": "sha512-ua3J2YO+cZgpn1MqxPlanSDXG4SB0BXotxYDW1iL5f6AsoEvJ3BycZJYw/N9hMQKmWniOeaBr7wGQ+KDiZFywQ==",
      "peer": true,
      "dependencies": {
        "aurelia-pal": "^1.0.0"
      }
    },
    "node_modules/aurelia-templating": {
      "version": "1.11.1",
      "resolved": "https://registry.npmjs.org/aurelia-templating/-/aurelia-templating-1.11.1.tgz",
      "integrity": "sha512-7Zrb/yvnIYBIlqGaLXIiBsmWMoFwo3SSoxyoucqWe/M80YpR4LJaTEKoZxhZZI6x9pU+tlFOBkwd/sA1JqPR8w==",
      "peer": true,
      "dependencies": {
        "aurelia-binding": "^2.0.0",
        "aurelia-dependency-injection": "^1.0.0",
        "aurelia-loader": "^1.0.0",
        "aurelia-logging": "^1.0.0",
        "aurelia-metadata": "^1.0.0",
        "aurelia-pal": "^1.0.0",
        "aurelia-path": "^1.1.7",
        "aurelia-task-queue": "^1.1.0"
      }
    },
    "node_modules/chart.js": {
      "version": "3.9.1",
      "resolved": "https://registry.npmjs.org/chart.js/-/chart.js-3.9.1.tgz",
      "integrity": "sha512-Ro2JbLmvg83gXF5F4sniaQ+lTbSv18E+TIf2cOeiH1Iqd2PGFOtem+DUufMZsCJwFE7ywPOpfXFBwRTGq7dh6w==",
      "peer": true
    }
  },
  "dependencies": {
    "aurelia-binding": {
      "version": "2.5.4",
      "resolved": "https://registry.npmjs.org/aurelia-binding/-/aurelia-binding-2.5.4.tgz",
      "integrity": "sha512-tYhYCFvQne+chO3p8KntCWj0r8oCXiCOGQ0yFbthHDBpjjTA4QlBwpGQ8nlGoGDKj7n4PoobeIjN3lEDKgKUyw==",
      "peer": true,
      "requires": {
        "aurelia-logging": "^1.0.0",
        "aurelia-metadata": "^1.0.0",
        "aurelia-pal": "^1.0.0",
        "aurelia-task-queue": "^1.0.0"
      }
    },
    "aurelia-chart": {
      "version": "0.3.4",
      "resolved": "https://registry.npmjs.org/aurelia-chart/-/aurelia-chart-0.3.4.tgz",
      "integrity": "sha512-Bt9bp/YPbQ9+CEliRoJ9QrxOiRd6DYz12SAje73zRTlFB4NaAC36J2+O6u0u6H+dF5reghrEDQNdEzjJm4ihOg==",
      "requires": {}
    },
    "aurelia-dependency-injection": {
      "version": "1.5.2",
      "resolved": "https://registry.npmjs.org/aurelia-dependency-injection/-/aurelia-dependency-injection-1.5.2.tgz",
      "integrity": "sha512-LnKgpXzKuG2A/YPGeg5OOw8zvkbvDBMRJA9QDCjZlxymsPI98dwggNSQHI8UK+hTIBqOmjjRxqdMoeROo2Gpbw==",
      "peer": true,
      "requires": {
        "aurelia-metadata": "^1.0.0",
        "aurelia-pal": "^1.0.0"
      }
    },
    "aurelia-framework": {
      "version": "1.4.1",
      "resolved": "https://registry.npmjs.org/aurelia-framework/-/aurelia-framework-1.4.1.tgz",
      "integrity": "sha512-oFnJyqqIDk2Kk7iSy2YNm2MNQMbTVEiPpa9q0oGfDLclqUgv+L05rnkEW9vEpVTUMV8gmOTxIrDidNICrDT7HA==",
      "peer": true,
      "requires": {
        "aurelia-binding": "^2.0.0",
        "aurelia-dependency-injection": "^1.0.0",
        "aurelia-loader": "^1.0.0",
        "aurelia-logging": "^1.0.0",
        "aurelia-metadata": "^1.0.0",
        "aurelia-pal": "^1.0.0",
        "aurelia-path": "^1.1.7",
        "aurelia-task-queue": "^1.0.0",
        "aurelia-templating": "^1.11.1"
      }
    },
    "aurelia-loader": {
      "version": "1.0.2",
      "resolved": "https://registry.npmjs.org/aurelia-loader/-/aurelia-loader-1.0.2.tgz",
      "integrity": "sha512-3owEe5Zsk8cIJG+zcxN6gzqUr2z2c+FKhtrL49e1j8vE4ccQQjXg+tvKFnfBVf3pwma6A474WsdK8poYhoVZyA==",
      "peer": true,
      "requires": {
        "aurelia-metadata": "^1.0.0",
        "aurelia-path": "^1.0.0"
      }
    },
    "aurelia-logging": {
      "version": "1.5.2",
      "resolved": "https://registry.npmjs.org/aurelia-logging/-/aurelia-logging-1.5.2.tgz",
      "integrity": "sha512-R0UdpGYBNSosBZ9WefmoIpgr36szFwQrRk2pbblhI+Vx911dUEEW85QXb6BRKVAP1ykz52Fuq8lCZxR6UupQXA==",
      "peer": true
    },
    "aurelia-metadata": {
      "version": "1.0.8",
      "resolved": "https://registry.npmjs.org/aurelia-metadata/-/aurelia-metadata-1.0.8.tgz",
      "integrity": "sha512-Ty7k9F0KKtiaPVoHexU9V2SuvCYW6lieb+Vwjh0HyYPMo1I39DcJZ8ju+MO3im7FFA0QrivapJxJahXvE0dSCA==",
      "peer": true,
      "requires": {
        "aurelia-pal": "^1.0.0"
      }
    },
    "aurelia-pal": {
      "version": "1.8.2",
      "resolved": "https://registry.npmjs.org/aurelia-pal/-/aurelia-pal-1.8.2.tgz",
      "integrity": "sha512-6erozUK5aaD88PvThs/L87kLsqxqPaBU59PGECr36v9yezhve0BHqpKgbtJ8haHJSiH80K9lsJtXfefedS/3sw==",
      "peer": true
    },
    "aurelia-path": {
      "version": "1.1.7",
      "resolved": "https://registry.npmjs.org/aurelia-path/-/aurelia-path-1.1.7.tgz",
      "integrity": "sha512-D6/Tz8jE8b2+Y8Pt6P/fxF6xfJGef+TA6YEljzo1kEzyzbxIvwfqc7pK6i/XGY3LowlumPqrhxkfMjPxLpFIcA==",
      "peer": true
    },
    "aurelia-task-queue": {
      "version": "1.3.3",
      "resolved": "https://registry.npmjs.org/aurelia-task-queue/-/aurelia-task-queue-1.3.3.tgz",
      "integrity": "sha512-ua3J2YO+cZgpn1MqxPlanSDXG4SB0BXotxYDW1iL5f6AsoEvJ3BycZJYw/N9hMQKmWniOeaBr7wGQ+KDiZFywQ==",
      "peer": true,
      "requires": {
        "aurelia-pal": "^1.0.0"
      }
    },
    "aurelia-templating": {
      "version": "1.11.1",
      "resolved": "https://registry.npmjs.org/aurelia-templating/-/aurelia-templating-1.11.1.tgz",
      "integrity": "sha512-7Zrb/yvnIYBIlqGaLXIiBsmWMoFwo3SSoxyoucqWe/M80YpR4LJaTEKoZxhZZI6x9pU+tlFOBkwd/sA1JqPR8w==",
      "peer": true,
      "requires": {
        "aurelia-binding": "^2.0.0",
        "aurelia-dependency-injection": "^1.0.0",
        "aurelia-loader": "^1.0.0",
        "aurelia-logging": "^1.0.0",
        "aurelia-metadata": "^1.0.0",
        "aurelia-pal": "^1.0.0",
        "aurelia-path": "^1.1.7",
        "aurelia-task-queue": "^1.1.0"
      }
    },
    "chart.js": {
      "version": "3.9.1",
      "resolved": "https://registry.npmjs.org/chart.js/-/chart.js-3.9.1.tgz",
      "integrity": "sha512-Ro2JbLmvg83gXF5F4sniaQ+lTbSv18E+TIf2cOeiH1Iqd2PGFOtem+DUufMZsCJwFE7ywPOpfXFBwRTGq7dh6w==",
      "peer": true
    }
  }
}
